{
  "name": "generic-capacitor-ipad-shell",
  "version": "1.0.0",
  "lockfileVersion": 3,
  "requires": true,
  "packages": {
    "": {
      "name": "generic-capacitor-ipad-shell",
      "version": "1.0.0",
      "dependencies": {
        "@capacitor-community/keep-awake": "8.0.1",
        "@capacitor/app": "8.1.1",
        "@capacitor/core": "8.4.2",
        "@capacitor/ios": "8.4.2",
        "@capacitor/preferences": "8.0.1"
      }
    },
    "node_modules/@capacitor-community/keep-awake": {
      "version": "8.0.1",
      "resolved": "https://registry.npmjs.org/@capacitor-community/keep-awake/-/keep-awake-8.0.1.tgz",
      "integrity": "sha512-wTI5A6FWl5gWoMduzJ5euuJ1P73SO+rea0jV6vNdmz5TLbwIDhufelFe/GowNvU9gog6kDYbFhJ2pOp9ua1f3w==",
      "license": "MIT",
      "peerDependencies": {
        "@capacitor/core": ">=8.0.0"
      }
    },
    "node_modules/@capacitor/app": {
      "version": "8.1.1",
      "resolved": "https://registry.npmjs.org/@capacitor/app/-/app-8.1.1.tgz",
      "integrity": "sha512-xM2ZTX5jK60tFtmjsmJv+Cdj1Qsb6NcavkqmdEnCPQBeya9oKhamZJxYOnQNj1ZvcJM7sWfG6BEtSLx42pisbA==",
      "license": "MIT",
      "peerDependencies": {
        "@capacitor/core": ">=8.0.0"
      }
    },
    "node_modules/@capacitor/core": {
      "version": "8.4.2",
      "resolved": "https://registry.npmjs.org/@capacitor/core/-/core-8.4.2.tgz",
      "integrity": "sha512-fQPRb3JXRaU2pnufDUvqOjhsrYxDQeFRZyaj/sHydIUxD2NxOGHKMpmKUdI+U4OOmKuGZyvRpi7TSJU+7Bjbmg==",
      "license": "MIT",
      "dependencies": {
        "tslib": "^2.1.0"
      }
    },
    "node_modules/@capacitor/ios": {
      "version": "8.4.2",
      "resolved": "https://registry.npmjs.org/@capacitor/ios/-/ios-8.4.2.tgz",
      "integrity": "sha512-ClVzIjK++yRjsRPOpdEzhsZfbHfoEc0f4M6vD0v7sWh0qcoF6NkxNAeHpWTn4OPJpJfpGGoYsq+IfEHrYyBiWA==",
      "license": "MIT",
      "peerDependencies": {
        "@capacitor/core": "^8.4.0"
      }
    },
    "node_modules/@capacitor/preferences": {
      "version": "8.0.1",
      "resolved": "https://registry.npmjs.org/@capacitor/preferences/-/preferences-8.0.1.tgz",
      "integrity": "sha512-T6no3ebi79XJCk91U3Jp/liJUwgBdvHR+s6vhvPkPxSuch7z3zx5Rv1bdWM6sWruNx+pViuEGqZvbfCdyBvcHQ==",
      "license": "MIT",
      "peerDependencies": {
        "@capacitor/core": ">=8.0.0"
      }
    },
    "node_modules/tslib": {
      "version": "2.8.1",
      "resolved": "https://registry.npmjs.org/tslib/-/tslib-2.8.1.tgz",
      "integrity": "sha512-oJFu94HQb+KVduSUQL7wnpmqnfmLsOA/nAh6b6EH0wCEoK0/mPeXU6c3wKDV83MkOuHPRHtSXKKU99IBazS/2w==",
      "license": "0BSD"
    }
  }
}
